# This file is automatically @generated by Poetry 1.6.1 and should not be changed by hand.

[[package]]
name = "agi.stk12"
version = "12.6.0"
description = "STK Object Model Python API"
optional = false
python-versions = ">=3.6"
files = [
    {file = "agi.stk12-12.6.0-py3-none-any.whl", hash = "sha256:364b5bcc29bcba8a56f4ecd61db41aedc08ac1cfa37117e7af465eb1c201dc2b"},
]

[package.source]
type = "file"
url = "agi.stk12-12.6.0-py3-none-any.whl"

[metadata]
lock-version = "2.0"
python-versions = "^3.11"
content-hash = "a7c164a0a2d96124a68e1ea8d9eb29a081bea264417e903ebd0949039cdbfdd0"
